<?xml version="1.0" encoding="utf-8"?>
<Project ToolsVersion="4.0" xmlns="http://schemas.microsoft.com/developer/msbuild/2003">
  <ItemGroup>
    <ClInclude Include="cim.h" />
    <ClInclude Include="cim_def.h" />
    <ClInclude Include="cim_tcp_client.h" />
    <ClInclude Include="pb\CIM.Voip.pb.h" />
    <ClInclude Include="pb\CIM.Def.pb.h" />
    <ClInclude Include="pb\CIM.Group.pb.h" />
    <ClInclude Include="pb\CIM.List.pb.h" />
    <ClInclude Include="pb\CIM.Login.pb.h" />
    <ClInclude Include="pb\CIM.Message.pb.h" />
  </ItemGroup>
  <ItemGroup>
    <ClCompile Include="cim_tcp_client.cpp" />
    <ClCompile Include="pb\CIM.Def.pb.cc" />
    <ClCompile Include="pb\CIM.Group.pb.cc" />
    <ClCompile Include="pb\CIM.List.pb.cc" />
    <ClCompile Include="pb\CIM.Login.pb.cc" />
    <ClCompile Include="pb\CIM.Message.pb.cc" />
    <ClCompile Include="pb\CIM.Voip.pb.cc" />
  </ItemGroup>
  <ItemGroup>
    <Filter Include="pb">
      <UniqueIdentifier>{96c9e8a1-5165-4dbb-9d33-842d84f9e5cd}</UniqueIdentifier>
    </Filter>
  </ItemGroup>
  <ItemGroup>
    <None Include="vcpkg333.json" />
  </ItemGroup>
</Project>