// !$*UTF8*$!
{
	archiveVersion = 1;
	classes = {
	};
	objectVersion = 51;
	objects = {

/* Begin PBXBuildFile section */
		83F8394D8FFB11805B707BF9 /* Pods_Coffchat.framework in Frameworks */ = {isa = PBXBuildFile; fileRef = CC8CC6041060206B84D1C908 /* Pods_Coffchat.framework */; };
		F40A2CDE2419F0820090C230 /* IMHeader.swift in Sources */ = {isa = PBXBuildFile; fileRef = F40A2CDD2419F0820090C230 /* IMHeader.swift */; };
		F417B0262419D4F000E1AAC0 /* CIM.Login.pb.swift in Sources */ = {isa = PBXBuildFile; fileRef = F417B0212419D4F000E1AAC0 /* CIM.Login.pb.swift */; };
		F417B0272419D4F000E1AAC0 /* CIM.List.pb.swift in Sources */ = {isa = PBXBuildFile; fileRef = F417B0222419D4F000E1AAC0 /* CIM.List.pb.swift */; };
		F417B0282419D4F000E1AAC0 /* CIM.Message.pb.swift in Sources */ = {isa = PBXBuildFile; fileRef = F417B0232419D4F000E1AAC0 /* CIM.Message.pb.swift */; };
		F417B0292419D4F000E1AAC0 /* CIM.Def.pb.swift in Sources */ = {isa = PBXBuildFile; fileRef = F417B0242419D4F000E1AAC0 /* CIM.Def.pb.swift */; };
		F417B02A2419D4F000E1AAC0 /* CIM.Voip.pb.swift in Sources */ = {isa = PBXBuildFile; fileRef = F417B0252419D4F000E1AAC0 /* CIM.Voip.pb.swift */; };
		F41AE38B24174224009B0E0C /* LoginViewController.swift in Sources */ = {isa = PBXBuildFile; fileRef = F41AE38924174224009B0E0C /* LoginViewController.swift */; };
		F41AE38C24174224009B0E0C /* LoginViewController.xib in Resources */ = {isa = PBXBuildFile; fileRef = F41AE38A24174224009B0E0C /* LoginViewController.xib */; };
		F41CB8A0242866E4007570BF /* ViewController.swift in Sources */ = {isa = PBXBuildFile; fileRef = F41CB89E242866E4007570BF /* ViewController.swift */; };
		F41CB8A1242866E4007570BF /* ViewController.xib in Resources */ = {isa = PBXBuildFile; fileRef = F41CB89F242866E4007570BF /* ViewController.xib */; };
		F41CB8A6242881DC007570BF /* IMTabViewController.swift in Sources */ = {isa = PBXBuildFile; fileRef = F41CB8A4242881DC007570BF /* IMTabViewController.swift */; };
		F41CB8A7242881DC007570BF /* IMTabViewController.xib in Resources */ = {isa = PBXBuildFile; fileRef = F41CB8A5242881DC007570BF /* IMTabViewController.xib */; };
		F41CB8AA242882FE007570BF /* Main.storyboard in Resources */ = {isa = PBXBuildFile; fileRef = F41CB8A8242882FE007570BF /* Main.storyboard */; };
		F4207771243459F20091DD86 /* IMUIResource.swift in Sources */ = {isa = PBXBuildFile; fileRef = F4207770243459F20091DD86 /* IMUIResource.swift */; };
		F42C73ED242B295200B4F6CC /* IMChatViewCell.swift in Sources */ = {isa = PBXBuildFile; fileRef = F42C73EB242B295200B4F6CC /* IMChatViewCell.swift */; };
		F42C73EE242B295200B4F6CC /* IMChatViewCell.xib in Resources */ = {isa = PBXBuildFile; fileRef = F42C73EC242B295200B4F6CC /* IMChatViewCell.xib */; };
		F42C73F2242B343100B4F6CC /* IMChatViewController.swift in Sources */ = {isa = PBXBuildFile; fileRef = F42C73F0242B343100B4F6CC /* IMChatViewController.swift */; };
		F42C73F3242B343100B4F6CC /* IMChatViewController.xib in Resources */ = {isa = PBXBuildFile; fileRef = F42C73F1242B343100B4F6CC /* IMChatViewController.xib */; };
		F42E35EF2557B20C00C1A852 /* IMConversationSettingsViewController.swift in Sources */ = {isa = PBXBuildFile; fileRef = F42E35ED2557B20C00C1A852 /* IMConversationSettingsViewController.swift */; };
		F42E35F02557B20C00C1A852 /* IMConversationSettingsViewController.xib in Resources */ = {isa = PBXBuildFile; fileRef = F42E35EE2557B20C00C1A852 /* IMConversationSettingsViewController.xib */; };
		F42E35F32557C65E00C1A852 /* IMConversationMemberViewCell.swift in Sources */ = {isa = PBXBuildFile; fileRef = F42E35F12557C65E00C1A852 /* IMConversationMemberViewCell.swift */; };
		F42E35F42557C65E00C1A852 /* IMConversationMemberViewCell.xib in Resources */ = {isa = PBXBuildFile; fileRef = F42E35F22557C65E00C1A852 /* IMConversationMemberViewCell.xib */; };
		F42F794524273B7300A50A0A /* IMLog.swift in Sources */ = {isa = PBXBuildFile; fileRef = F42F794424273B7300A50A0A /* IMLog.swift */; };
		F42F794A2427453800A50A0A /* IMLoginManager.swift in Sources */ = {isa = PBXBuildFile; fileRef = F42F79492427453800A50A0A /* IMLoginManager.swift */; };
		F42F794C2427772F00A50A0A /* IMConversationManagerTests.swift in Sources */ = {isa = PBXBuildFile; fileRef = F42F794B2427772F00A50A0A /* IMConversationManagerTests.swift */; };
		F43C7A9E2438C5FA006C3796 /* IMChatManager.swift in Sources */ = {isa = PBXBuildFile; fileRef = F43C7A9D2438C5FA006C3796 /* IMChatManager.swift */; };
		F43C90EB2435D548008BF9FC /* IMChatSendMsgBar.swift in Sources */ = {isa = PBXBuildFile; fileRef = F43C90EA2435D548008BF9FC /* IMChatSendMsgBar.swift */; };
		F43C90EF2435DAD2008BF9FC /* IMChatSendMsgBar.xib in Resources */ = {isa = PBXBuildFile; fileRef = F43C90EE2435DAD2008BF9FC /* IMChatSendMsgBar.xib */; };
		F43CA151241FA2E90065373F /* IMRequest.swift in Sources */ = {isa = PBXBuildFile; fileRef = F43CA150241FA2E90065373F /* IMRequest.swift */; };
		F43D96432446F903004802AA /* IMSettingViewController.swift in Sources */ = {isa = PBXBuildFile; fileRef = F43D96412446F903004802AA /* IMSettingViewController.swift */; };
		F43D96442446F903004802AA /* IMSettingViewController.xib in Resources */ = {isa = PBXBuildFile; fileRef = F43D96422446F903004802AA /* IMSettingViewController.xib */; };
		F43D96472446FFB3004802AA /* IMLoginoutTableViewCell.swift in Sources */ = {isa = PBXBuildFile; fileRef = F43D96452446FFB3004802AA /* IMLoginoutTableViewCell.swift */; };
		F43D96482446FFB3004802AA /* IMLoginoutTableViewCell.xib in Resources */ = {isa = PBXBuildFile; fileRef = F43D96462446FFB3004802AA /* IMLoginoutTableViewCell.xib */; };
		F44715ED25484A2900EB7811 /* IMGroup.swift in Sources */ = {isa = PBXBuildFile; fileRef = F44715EC25484A2900EB7811 /* IMGroup.swift */; };
		F44715EF25484A7500EB7811 /* IMGroupManager.swift in Sources */ = {isa = PBXBuildFile; fileRef = F44715EE25484A7500EB7811 /* IMGroupManager.swift */; };
		F44715F125484BE500EB7811 /* CIM.Group.pb.swift in Sources */ = {isa = PBXBuildFile; fileRef = F44715F025484BE500EB7811 /* CIM.Group.pb.swift */; };
		F46124DC24383A6700298F24 /* IMChatContentViewController+Keyboard.swift in Sources */ = {isa = PBXBuildFile; fileRef = F46124DB24383A6700298F24 /* IMChatContentViewController+Keyboard.swift */; };
		F46124DF243855D600298F24 /* UIScrollView+Chat.swift in Sources */ = {isa = PBXBuildFile; fileRef = F46124DE243855D600298F24 /* UIScrollView+Chat.swift */; };
		F46124E1243856A500298F24 /* UITableView+Chat.swift in Sources */ = {isa = PBXBuildFile; fileRef = F46124E0243856A500298F24 /* UITableView+Chat.swift */; };
		F46566EF244C531A00B0A35F /* IMMsgParser.swift in Sources */ = {isa = PBXBuildFile; fileRef = F46566EE244C531A00B0A35F /* IMMsgParser.swift */; };
		F47BACD92445C3F800FD63D1 /* ImageTextTableViewCell.swift in Sources */ = {isa = PBXBuildFile; fileRef = F47BACD72445C3F800FD63D1 /* ImageTextTableViewCell.swift */; };
		F47BACDA2445C3F800FD63D1 /* ImageTextTableViewCell.xib in Resources */ = {isa = PBXBuildFile; fileRef = F47BACD82445C3F800FD63D1 /* ImageTextTableViewCell.xib */; };
		F4840BE62424C2930005EF04 /* IMManager.swift in Sources */ = {isa = PBXBuildFile; fileRef = F4840BE52424C2930005EF04 /* IMManager.swift */; };
		F48654142426694400D39970 /* IMLoginManagerTests.swift in Sources */ = {isa = PBXBuildFile; fileRef = F48654132426694400D39970 /* IMLoginManagerTests.swift */; };
		F486541624266E8600D39970 /* IMConversationManager.swift in Sources */ = {isa = PBXBuildFile; fileRef = F486541524266E8600D39970 /* IMConversationManager.swift */; };
		F48654182426721400D39970 /* IMRecentSession.swift in Sources */ = {isa = PBXBuildFile; fileRef = F48654172426721400D39970 /* IMRecentSession.swift */; };
		F48D2EE6254AC44C00377886 /* IMActionFloatView.swift in Sources */ = {isa = PBXBuildFile; fileRef = F48D2EE5254AC44C00377886 /* IMActionFloatView.swift */; };
		F48D2EE8254AC51A00377886 /* UIImage+Chat.swift in Sources */ = {isa = PBXBuildFile; fileRef = F48D2EE7254AC51A00377886 /* UIImage+Chat.swift */; };
		F48D2EEA254AF72600377886 /* UINavigationItem+Extension.swift in Sources */ = {isa = PBXBuildFile; fileRef = F48D2EE9254AF72600377886 /* UINavigationItem+Extension.swift */; };
		F48E118C25515A1500A2A300 /* IMMessageNotificationCell.swift in Sources */ = {isa = PBXBuildFile; fileRef = F48E118A25515A1500A2A300 /* IMMessageNotificationCell.swift */; };
		F48E118D25515A1500A2A300 /* IMMessageNotificationCell.xib in Resources */ = {isa = PBXBuildFile; fileRef = F48E118B25515A1500A2A300 /* IMMessageNotificationCell.xib */; };
		F495DA6625B1383700C0A630 /* IMUserManager.swift in Sources */ = {isa = PBXBuildFile; fileRef = F495DA6525B1383700C0A630 /* IMUserManager.swift */; };
		F49A5F41257CBC0400084043 /* UIButton+Extension.swift in Sources */ = {isa = PBXBuildFile; fileRef = F49A5F40257CBC0400084043 /* UIButton+Extension.swift */; };
		F49A5F43257CCC1800084043 /* BEButton.swift in Sources */ = {isa = PBXBuildFile; fileRef = F49A5F42257CCC1800084043 /* BEButton.swift */; };
		F4B1EA83246C075000EED1FB /* IMMessageTimeCell.swift in Sources */ = {isa = PBXBuildFile; fileRef = F4B1EA81246C075000EED1FB /* IMMessageTimeCell.swift */; };
		F4B1EA84246C075000EED1FB /* IMMessageTimeCell.xib in Resources */ = {isa = PBXBuildFile; fileRef = F4B1EA82246C075000EED1FB /* IMMessageTimeCell.xib */; };
		F4BC8F3D241F22A700ED38C9 /* IMHeaderTests.swift in Sources */ = {isa = PBXBuildFile; fileRef = F4BC8F3C241F22A700ED38C9 /* IMHeaderTests.swift */; };
		F4BC8F3F241F243200ED38C9 /* IMClientTests.swift in Sources */ = {isa = PBXBuildFile; fileRef = F4BC8F3E241F243200ED38C9 /* IMClientTests.swift */; };
		F4C05A10241391E000D1E293 /* AppDelegate.swift in Sources */ = {isa = PBXBuildFile; fileRef = F4C05A0F241391E000D1E293 /* AppDelegate.swift */; };
		F4C05A12241391E000D1E293 /* SceneDelegate.swift in Sources */ = {isa = PBXBuildFile; fileRef = F4C05A11241391E000D1E293 /* SceneDelegate.swift */; };
		F4C05A1C241391E100D1E293 /* Assets.xcassets in Resources */ = {isa = PBXBuildFile; fileRef = F4C05A1B241391E100D1E293 /* Assets.xcassets */; };
		F4C510AB2429AA11000BCDEA /* IMFriendViewController.swift in Sources */ = {isa = PBXBuildFile; fileRef = F4C510A92429AA11000BCDEA /* IMFriendViewController.swift */; };
		F4C510AC2429AA11000BCDEA /* IMFriendViewController.xib in Resources */ = {isa = PBXBuildFile; fileRef = F4C510AA2429AA11000BCDEA /* IMFriendViewController.xib */; };
		F4C510AF2429AA20000BCDEA /* IMSocialViewController.swift in Sources */ = {isa = PBXBuildFile; fileRef = F4C510AD2429AA20000BCDEA /* IMSocialViewController.swift */; };
		F4C510B02429AA20000BCDEA /* IMSocialViewController.xib in Resources */ = {isa = PBXBuildFile; fileRef = F4C510AE2429AA20000BCDEA /* IMSocialViewController.xib */; };
		F4C510B32429AA2E000BCDEA /* IMMeViewController.swift in Sources */ = {isa = PBXBuildFile; fileRef = F4C510B12429AA2E000BCDEA /* IMMeViewController.swift */; };
		F4C510B42429AA2E000BCDEA /* IMMeViewController.xib in Resources */ = {isa = PBXBuildFile; fileRef = F4C510B22429AA2E000BCDEA /* IMMeViewController.xib */; };
		F4C510B62429B245000BCDEA /* Media.xcassets in Resources */ = {isa = PBXBuildFile; fileRef = F4C510B52429B245000BCDEA /* Media.xcassets */; };
		F4D29BF92471464F00CE4ABC /* UIPaddingLabel.swift in Sources */ = {isa = PBXBuildFile; fileRef = F4D29BF82471464F00CE4ABC /* UIPaddingLabel.swift */; };
		F4D3B7AD2417BED500524D9A /* IMClient.swift in Sources */ = {isa = PBXBuildFile; fileRef = F4D3B7AC2417BED500524D9A /* IMClient.swift */; };
		F4D4246025B048F0003921D1 /* RegisterViewController.swift in Sources */ = {isa = PBXBuildFile; fileRef = F4D4245E25B048F0003921D1 /* RegisterViewController.swift */; };
		F4D4246125B048F0003921D1 /* RegisterViewController.xib in Resources */ = {isa = PBXBuildFile; fileRef = F4D4245F25B048F0003921D1 /* RegisterViewController.xib */; };
		F4DAF915242B70DF00963220 /* IMSession.swift in Sources */ = {isa = PBXBuildFile; fileRef = F4DAF914242B70DF00963220 /* IMSession.swift */; };
		F4DAF917242B715100963220 /* IMMessage.swift in Sources */ = {isa = PBXBuildFile; fileRef = F4DAF916242B715100963220 /* IMMessage.swift */; };
		F4DAF91A242B872300963220 /* SessionModel.swift in Sources */ = {isa = PBXBuildFile; fileRef = F4DAF919242B872300963220 /* SessionModel.swift */; };
		F4EBFABC242F396900AF26B2 /* IMChatContentViewController.swift in Sources */ = {isa = PBXBuildFile; fileRef = F4EBFABA242F396900AF26B2 /* IMChatContentViewController.swift */; };
		F4EBFABD242F396900AF26B2 /* IMChatContentViewController.xib in Resources */ = {isa = PBXBuildFile; fileRef = F4EBFABB242F396900AF26B2 /* IMChatContentViewController.xib */; };
		F4EBFAC5242F4CE600AF26B2 /* IMMessageTextCell.swift in Sources */ = {isa = PBXBuildFile; fileRef = F4EBFAC3242F4CE600AF26B2 /* IMMessageTextCell.swift */; };
		F4EBFAC6242F4CE600AF26B2 /* IMMessageTextCell.xib in Resources */ = {isa = PBXBuildFile; fileRef = F4EBFAC4242F4CE600AF26B2 /* IMMessageTextCell.xib */; };
		F4EE58442467FF720075DCB9 /* Date+Extension.swift in Sources */ = {isa = PBXBuildFile; fileRef = F4EE58432467FF720075DCB9 /* Date+Extension.swift */; };
		F4FD2EC1246D694500EE91B0 /* IMMessage+Extension.swift in Sources */ = {isa = PBXBuildFile; fileRef = F4FD2EC0246D694500EE91B0 /* IMMessage+Extension.swift */; };
		F4FF36E0254BC29B00C11FB5 /* IMPeopleViewCell.swift in Sources */ = {isa = PBXBuildFile; fileRef = F4FF36DE254BC29B00C11FB5 /* IMPeopleViewCell.swift */; };
		F4FF36E1254BC29B00C11FB5 /* IMPeopleViewCell.xib in Resources */ = {isa = PBXBuildFile; fileRef = F4FF36DF254BC29B00C11FB5 /* IMPeopleViewCell.xib */; };
		F4FF36E5254BEF3900C11FB5 /* IMFriendManager.swift in Sources */ = {isa = PBXBuildFile; fileRef = F4FF36E4254BEF3900C11FB5 /* IMFriendManager.swift */; };
		F4FF36E7254BF04A00C11FB5 /* CIM.Friend.pb.swift in Sources */ = {isa = PBXBuildFile; fileRef = F4FF36E6254BF04A00C11FB5 /* CIM.Friend.pb.swift */; };
		F4FF36EA254BF8DC00C11FB5 /* IMFriendViewCell.swift in Sources */ = {isa = PBXBuildFile; fileRef = F4FF36E8254BF8DC00C11FB5 /* IMFriendViewCell.swift */; };
		F4FF36EB254BF8DC00C11FB5 /* IMFriendViewCell.xib in Resources */ = {isa = PBXBuildFile; fileRef = F4FF36E9254BF8DC00C11FB5 /* IMFriendViewCell.xib */; };
		F4FF36F2254C14F100C11FB5 /* IMCreateGroupViewController.swift in Sources */ = {isa = PBXBuildFile; fileRef = F4FF36F0254C14F100C11FB5 /* IMCreateGroupViewController.swift */; };
		F4FF36F3254C14F100C11FB5 /* IMCreateGroupViewController.xib in Resources */ = {isa = PBXBuildFile; fileRef = F4FF36F1254C14F100C11FB5 /* IMCreateGroupViewController.xib */; };
/* End PBXBuildFile section */

/* Begin PBXContainerItemProxy section */
		F4BC8F37241F223100ED38C9 /* PBXContainerItemProxy */ = {
			isa = PBXContainerItemProxy;
			containerPortal = F4C05A04241391E000D1E293 /* Project object */;
			proxyType = 1;
			remoteGlobalIDString = F4C05A0B241391E000D1E293;
			remoteInfo = Coffchat;
		};
/* End PBXContainerItemProxy section */

/* Begin PBXFileReference section */
		517E1AEFED0665A541BCC68A /* Pods-Coffchat.debug.xcconfig */ = {isa = PBXFileReference; includeInIndex = 1; lastKnownFileType = text.xcconfig; name = "Pods-Coffchat.debug.xcconfig"; path = "Target Support Files/Pods-Coffchat/Pods-Coffchat.debug.xcconfig"; sourceTree = "<group>"; };
		56976D8822AA23DCF5C3C006 /* Pods-Coffchat.release.xcconfig */ = {isa = PBXFileReference; includeInIndex = 1; lastKnownFileType = text.xcconfig; name = "Pods-Coffchat.release.xcconfig"; path = "Target Support Files/Pods-Coffchat/Pods-Coffchat.release.xcconfig"; sourceTree = "<group>"; };
		CC8CC6041060206B84D1C908 /* Pods_Coffchat.framework */ = {isa = PBXFileReference; explicitFileType = wrapper.framework; includeInIndex = 0; path = Pods_Coffchat.framework; sourceTree = BUILT_PRODUCTS_DIR; };
		F40A2CDD2419F0820090C230 /* IMHeader.swift */ = {isa = PBXFileReference; lastKnownFileType = sourcecode.swift; path = IMHeader.swift; sourceTree = "<group>"; };
		F417B0212419D4F000E1AAC0 /* CIM.Login.pb.swift */ = {isa = PBXFileReference; fileEncoding = 4; lastKnownFileType = sourcecode.swift; path = CIM.Login.pb.swift; sourceTree = "<group>"; };
		F417B0222419D4F000E1AAC0 /* CIM.List.pb.swift */ = {isa = PBXFileReference; fileEncoding = 4; lastKnownFileType = sourcecode.swift; path = CIM.List.pb.swift; sourceTree = "<group>"; };
		F417B0232419D4F000E1AAC0 /* CIM.Message.pb.swift */ = {isa = PBXFileReference; fileEncoding = 4; lastKnownFileType = sourcecode.swift; path = CIM.Message.pb.swift; sourceTree = "<group>"; };
		F417B0242419D4F000E1AAC0 /* CIM.Def.pb.swift */ = {isa = PBXFileReference; fileEncoding = 4; lastKnownFileType = sourcecode.swift; path = CIM.Def.pb.swift; sourceTree = "<group>"; };
		F417B0252419D4F000E1AAC0 /* CIM.Voip.pb.swift */ = {isa = PBXFileReference; fileEncoding = 4; lastKnownFileType = sourcecode.swift; path = CIM.Voip.pb.swift; sourceTree = "<group>"; };
		F41AE38924174224009B0E0C /* LoginViewController.swift */ = {isa = PBXFileReference; lastKnownFileType = sourcecode.swift; path = LoginViewController.swift; sourceTree = "<group>"; };
		F41AE38A24174224009B0E0C /* LoginViewController.xib */ = {isa = PBXFileReference; lastKnownFileType = file.xib; path = LoginViewController.xib; sourceTree = "<group>"; };
		F41CB89E242866E4007570BF /* ViewController.swift */ = {isa = PBXFileReference; lastKnownFileType = sourcecode.swift; path = ViewController.swift; sourceTree = "<group>"; };
		F41CB89F242866E4007570BF /* ViewController.xib */ = {isa = PBXFileReference; lastKnownFileType = file.xib; path = ViewController.xib; sourceTree = "<group>"; };
		F41CB8A4242881DC007570BF /* IMTabViewController.swift */ = {isa = PBXFileReference; lastKnownFileType = sourcecode.swift; path = IMTabViewController.swift; sourceTree = "<group>"; };
		F41CB8A5242881DC007570BF /* IMTabViewController.xib */ = {isa = PBXFileReference; lastKnownFileType = file.xib; path = IMTabViewController.xib; sourceTree = "<group>"; };
		F41CB8A9242882FE007570BF /* Base */ = {isa = PBXFileReference; lastKnownFileType = file.storyboard; name = Base; path = Base.lproj/Main.storyboard; sourceTree = "<group>"; };
		F4207770243459F20091DD86 /* IMUIResource.swift */ = {isa = PBXFileReference; lastKnownFileType = sourcecode.swift; path = IMUIResource.swift; sourceTree = "<group>"; };
		F42C73EB242B295200B4F6CC /* IMChatViewCell.swift */ = {isa = PBXFileReference; lastKnownFileType = sourcecode.swift; path = IMChatViewCell.swift; sourceTree = "<group>"; };
		F42C73EC242B295200B4F6CC /* IMChatViewCell.xib */ = {isa = PBXFileReference; lastKnownFileType = file.xib; path = IMChatViewCell.xib; sourceTree = "<group>"; };
		F42C73F0242B343100B4F6CC /* IMChatViewController.swift */ = {isa = PBXFileReference; lastKnownFileType = sourcecode.swift; path = IMChatViewController.swift; sourceTree = "<group>"; };
		F42C73F1242B343100B4F6CC /* IMChatViewController.xib */ = {isa = PBXFileReference; lastKnownFileType = file.xib; path = IMChatViewController.xib; sourceTree = "<group>"; };
		F42E35ED2557B20C00C1A852 /* IMConversationSettingsViewController.swift */ = {isa = PBXFileReference; lastKnownFileType = sourcecode.swift; path = IMConversationSettingsViewController.swift; sourceTree = "<group>"; };
		F42E35EE2557B20C00C1A852 /* IMConversationSettingsViewController.xib */ = {isa = PBXFileReference; lastKnownFileType = file.xib; path = IMConversationSettingsViewController.xib; sourceTree = "<group>"; };
		F42E35F12557C65E00C1A852 /* IMConversationMemberViewCell.swift */ = {isa = PBXFileReference; lastKnownFileType = sourcecode.swift; path = IMConversationMemberViewCell.swift; sourceTree = "<group>"; };
		F42E35F22557C65E00C1A852 /* IMConversationMemberViewCell.xib */ = {isa = PBXFileReference; lastKnownFileType = file.xib; path = IMConversationMemberViewCell.xib; sourceTree = "<group>"; };
		F42F794424273B7300A50A0A /* IMLog.swift */ = {isa = PBXFileReference; lastKnownFileType = sourcecode.swift; path = IMLog.swift; sourceTree = "<group>"; };
		F42F79492427453800A50A0A /* IMLoginManager.swift */ = {isa = PBXFileReference; lastKnownFileType = sourcecode.swift; path = IMLoginManager.swift; sourceTree = "<group>"; };
		F42F794B2427772F00A50A0A /* IMConversationManagerTests.swift */ = {isa = PBXFileReference; lastKnownFileType = sourcecode.swift; path = IMConversationManagerTests.swift; sourceTree = "<group>"; };
		F43C7A9D2438C5FA006C3796 /* IMChatManager.swift */ = {isa = PBXFileReference; lastKnownFileType = sourcecode.swift; path = IMChatManager.swift; sourceTree = "<group>"; };
		F43C90EA2435D548008BF9FC /* IMChatSendMsgBar.swift */ = {isa = PBXFileReference; lastKnownFileType = sourcecode.swift; path = IMChatSendMsgBar.swift; sourceTree = "<group>"; };
		F43C90EE2435DAD2008BF9FC /* IMChatSendMsgBar.xib */ = {isa = PBXFileReference; lastKnownFileType = file.xib; path = IMChatSendMsgBar.xib; sourceTree = "<group>"; };
		F43CA150241FA2E90065373F /* IMRequest.swift */ = {isa = PBXFileReference; lastKnownFileType = sourcecode.swift; path = IMRequest.swift; sourceTree = "<group>"; xcLanguageSpecificationIdentifier = xcode.lang.swift; };
		F43D96412446F903004802AA /* IMSettingViewController.swift */ = {isa = PBXFileReference; lastKnownFileType = sourcecode.swift; path = IMSettingViewController.swift; sourceTree = "<group>"; };
		F43D96422446F903004802AA /* IMSettingViewController.xib */ = {isa = PBXFileReference; lastKnownFileType = file.xib; path = IMSettingViewController.xib; sourceTree = "<group>"; };
		F43D96452446FFB3004802AA /* IMLoginoutTableViewCell.swift */ = {isa = PBXFileReference; lastKnownFileType = sourcecode.swift; path = IMLoginoutTableViewCell.swift; sourceTree = "<group>"; };
		F43D96462446FFB3004802AA /* IMLoginoutTableViewCell.xib */ = {isa = PBXFileReference; lastKnownFileType = file.xib; path = IMLoginoutTableViewCell.xib; sourceTree = "<group>"; };
		F44715EC25484A2900EB7811 /* IMGroup.swift */ = {isa = PBXFileReference; lastKnownFileType = sourcecode.swift; path = IMGroup.swift; sourceTree = "<group>"; };
		F44715EE25484A7500EB7811 /* IMGroupManager.swift */ = {isa = PBXFileReference; lastKnownFileType = sourcecode.swift; path = IMGroupManager.swift; sourceTree = "<group>"; };
		F44715F025484BE500EB7811 /* CIM.Group.pb.swift */ = {isa = PBXFileReference; fileEncoding = 4; lastKnownFileType = sourcecode.swift; path = CIM.Group.pb.swift; sourceTree = "<group>"; };
		F46124DB24383A6700298F24 /* IMChatContentViewController+Keyboard.swift */ = {isa = PBXFileReference; lastKnownFileType = sourcecode.swift; path = "IMChatContentViewController+Keyboard.swift"; sourceTree = "<group>"; };
		F46124DE243855D600298F24 /* UIScrollView+Chat.swift */ = {isa = PBXFileReference; lastKnownFileType = sourcecode.swift; path = "UIScrollView+Chat.swift"; sourceTree = "<group>"; };
		F46124E0243856A500298F24 /* UITableView+Chat.swift */ = {isa = PBXFileReference; lastKnownFileType = sourcecode.swift; path = "UITableView+Chat.swift"; sourceTree = "<group>"; };
		F46566EE244C531A00B0A35F /* IMMsgParser.swift */ = {isa = PBXFileReference; lastKnownFileType = sourcecode.swift; path = IMMsgParser.swift; sourceTree = "<group>"; };
		F47BACD72445C3F800FD63D1 /* ImageTextTableViewCell.swift */ = {isa = PBXFileReference; lastKnownFileType = sourcecode.swift; path = ImageTextTableViewCell.swift; sourceTree = "<group>"; };
		F47BACD82445C3F800FD63D1 /* ImageTextTableViewCell.xib */ = {isa = PBXFileReference; lastKnownFileType = file.xib; path = ImageTextTableViewCell.xib; sourceTree = "<group>"; };
		F4840BE52424C2930005EF04 /* IMManager.swift */ = {isa = PBXFileReference; lastKnownFileType = sourcecode.swift; path = IMManager.swift; sourceTree = "<group>"; };
		F48654132426694400D39970 /* IMLoginManagerTests.swift */ = {isa = PBXFileReference; lastKnownFileType = sourcecode.swift; path = IMLoginManagerTests.swift; sourceTree = "<group>"; };
		F486541524266E8600D39970 /* IMConversationManager.swift */ = {isa = PBXFileReference; lastKnownFileType = sourcecode.swift; path = IMConversationManager.swift; sourceTree = "<group>"; };
		F48654172426721400D39970 /* IMRecentSession.swift */ = {isa = PBXFileReference; lastKnownFileType = sourcecode.swift; path = IMRecentSession.swift; sourceTree = "<group>"; };
		F48D2EE5254AC44C00377886 /* IMActionFloatView.swift */ = {isa = PBXFileReference; lastKnownFileType = sourcecode.swift; path = IMActionFloatView.swift; sourceTree = "<group>"; };
		F48D2EE7254AC51A00377886 /* UIImage+Chat.swift */ = {isa = PBXFileReference; lastKnownFileType = sourcecode.swift; path = "UIImage+Chat.swift"; sourceTree = "<group>"; };
		F48D2EE9254AF72600377886 /* UINavigationItem+Extension.swift */ = {isa = PBXFileReference; lastKnownFileType = sourcecode.swift; path = "UINavigationItem+Extension.swift"; sourceTree = "<group>"; };
		F48E118A25515A1500A2A300 /* IMMessageNotificationCell.swift */ = {isa = PBXFileReference; lastKnownFileType = sourcecode.swift; path = IMMessageNotificationCell.swift; sourceTree = "<group>"; };
		F48E118B25515A1500A2A300 /* IMMessageNotificationCell.xib */ = {isa = PBXFileReference; lastKnownFileType = file.xib; path = IMMessageNotificationCell.xib; sourceTree = "<group>"; };
		F495DA6525B1383700C0A630 /* IMUserManager.swift */ = {isa = PBXFileReference; lastKnownFileType = sourcecode.swift; path = IMUserManager.swift; sourceTree = "<group>"; };
		F49A5F40257CBC0400084043 /* UIButton+Extension.swift */ = {isa = PBXFileReference; lastKnownFileType = sourcecode.swift; path = "UIButton+Extension.swift"; sourceTree = "<group>"; };
		F49A5F42257CCC1800084043 /* BEButton.swift */ = {isa = PBXFileReference; lastKnownFileType = sourcecode.swift; path = BEButton.swift; sourceTree = "<group>"; };
		F4B1EA81246C075000EED1FB /* IMMessageTimeCell.swift */ = {isa = PBXFileReference; lastKnownFileType = sourcecode.swift; path = IMMessageTimeCell.swift; sourceTree = "<group>"; };
		F4B1EA82246C075000EED1FB /* IMMessageTimeCell.xib */ = {isa = PBXFileReference; lastKnownFileType = file.xib; path = IMMessageTimeCell.xib; sourceTree = "<group>"; };
		F4BC8F32241F223100ED38C9 /* CoffchatTests.xctest */ = {isa = PBXFileReference; explicitFileType = wrapper.cfbundle; includeInIndex = 0; path = CoffchatTests.xctest; sourceTree = BUILT_PRODUCTS_DIR; };
		F4BC8F36241F223100ED38C9 /* Info.plist */ = {isa = PBXFileReference; lastKnownFileType = text.plist.xml; path = Info.plist; sourceTree = "<group>"; };
		F4BC8F3C241F22A700ED38C9 /* IMHeaderTests.swift */ = {isa = PBXFileReference; lastKnownFileType = sourcecode.swift; path = IMHeaderTests.swift; sourceTree = "<group>"; };
		F4BC8F3E241F243200ED38C9 /* IMClientTests.swift */ = {isa = PBXFileReference; lastKnownFileType = sourcecode.swift; path = IMClientTests.swift; sourceTree = "<group>"; };
		F4C05A0C241391E000D1E293 /* Coffchat.app */ = {isa = PBXFileReference; explicitFileType = wrapper.application; includeInIndex = 0; path = Coffchat.app; sourceTree = BUILT_PRODUCTS_DIR; };
		F4C05A0F241391E000D1E293 /* AppDelegate.swift */ = {isa = PBXFileReference; lastKnownFileType = sourcecode.swift; path = AppDelegate.swift; sourceTree = "<group>"; };
		F4C05A11241391E000D1E293 /* SceneDelegate.swift */ = {isa = PBXFileReference; lastKnownFileType = sourcecode.swift; path = SceneDelegate.swift; sourceTree = "<group>"; };
		F4C05A1B241391E100D1E293 /* Assets.xcassets */ = {isa = PBXFileReference; lastKnownFileType = folder.assetcatalog; path = Assets.xcassets; sourceTree = "<group>"; };
		F4C05A20241391E100D1E293 /* Info.plist */ = {isa = PBXFileReference; lastKnownFileType = text.plist.xml; path = Info.plist; sourceTree = "<group>"; };
		F4C510A92429AA11000BCDEA /* IMFriendViewController.swift */ = {isa = PBXFileReference; lastKnownFileType = sourcecode.swift; path = IMFriendViewController.swift; sourceTree = "<group>"; };
		F4C510AA2429AA11000BCDEA /* IMFriendViewController.xib */ = {isa = PBXFileReference; lastKnownFileType = file.xib; path = IMFriendViewController.xib; sourceTree = "<group>"; };
		F4C510AD2429AA20000BCDEA /* IMSocialViewController.swift */ = {isa = PBXFileReference; lastKnownFileType = sourcecode.swift; path = IMSocialViewController.swift; sourceTree = "<group>"; };
		F4C510AE2429AA20000BCDEA /* IMSocialViewController.xib */ = {isa = PBXFileReference; lastKnownFileType = file.xib; path = IMSocialViewController.xib; sourceTree = "<group>"; };
		F4C510B12429AA2E000BCDEA /* IMMeViewController.swift */ = {isa = PBXFileReference; lastKnownFileType = sourcecode.swift; path = IMMeViewController.swift; sourceTree = "<group>"; };
		F4C510B22429AA2E000BCDEA /* IMMeViewController.xib */ = {isa = PBXFileReference; lastKnownFileType = file.xib; path = IMMeViewController.xib; sourceTree = "<group>"; };
		F4C510B52429B245000BCDEA /* Media.xcassets */ = {isa = PBXFileReference; lastKnownFileType = folder.assetcatalog; path = Media.xcassets; sourceTree = "<group>"; };
		F4D29BF82471464F00CE4ABC /* UIPaddingLabel.swift */ = {isa = PBXFileReference; lastKnownFileType = sourcecode.swift; path = UIPaddingLabel.swift; sourceTree = "<group>"; };
		F4D3B7AC2417BED500524D9A /* IMClient.swift */ = {isa = PBXFileReference; lastKnownFileType = sourcecode.swift; path = IMClient.swift; sourceTree = "<group>"; };
		F4D4245E25B048F0003921D1 /* RegisterViewController.swift */ = {isa = PBXFileReference; lastKnownFileType = sourcecode.swift; path = RegisterViewController.swift; sourceTree = "<group>"; };
		F4D4245F25B048F0003921D1 /* RegisterViewController.xib */ = {isa = PBXFileReference; lastKnownFileType = file.xib; path = RegisterViewController.xib; sourceTree = "<group>"; };
		F4DAF914242B70DF00963220 /* IMSession.swift */ = {isa = PBXFileReference; lastKnownFileType = sourcecode.swift; path = IMSession.swift; sourceTree = "<group>"; };
		F4DAF916242B715100963220 /* IMMessage.swift */ = {isa = PBXFileReference; lastKnownFileType = sourcecode.swift; path = IMMessage.swift; sourceTree = "<group>"; };
		F4DAF919242B872300963220 /* SessionModel.swift */ = {isa = PBXFileReference; lastKnownFileType = sourcecode.swift; path = SessionModel.swift; sourceTree = "<group>"; };
		F4EBFABA242F396900AF26B2 /* IMChatContentViewController.swift */ = {isa = PBXFileReference; lastKnownFileType = sourcecode.swift; path = IMChatContentViewController.swift; sourceTree = "<group>"; };
		F4EBFABB242F396900AF26B2 /* IMChatContentViewController.xib */ = {isa = PBXFileReference; lastKnownFileType = file.xib; path = IMChatContentViewController.xib; sourceTree = "<group>"; };
		F4EBFAC3242F4CE600AF26B2 /* IMMessageTextCell.swift */ = {isa = PBXFileReference; lastKnownFileType = sourcecode.swift; path = IMMessageTextCell.swift; sourceTree = "<group>"; };
		F4EBFAC4242F4CE600AF26B2 /* IMMessageTextCell.xib */ = {isa = PBXFileReference; lastKnownFileType = file.xib; path = IMMessageTextCell.xib; sourceTree = "<group>"; };
		F4EE58432467FF720075DCB9 /* Date+Extension.swift */ = {isa = PBXFileReference; fileEncoding = 4; lastKnownFileType = sourcecode.swift; path = "Date+Extension.swift"; sourceTree = "<group>"; };
		F4FD2EC0246D694500EE91B0 /* IMMessage+Extension.swift */ = {isa = PBXFileReference; lastKnownFileType = sourcecode.swift; path = "IMMessage+Extension.swift"; sourceTree = "<group>"; };
		F4FF36DE254BC29B00C11FB5 /* IMPeopleViewCell.swift */ = {isa = PBXFileReference; lastKnownFileType = sourcecode.swift; path = IMPeopleViewCell.swift; sourceTree = "<group>"; };
		F4FF36DF254BC29B00C11FB5 /* IMPeopleViewCell.xib */ = {isa = PBXFileReference; lastKnownFileType = file.xib; path = IMPeopleViewCell.xib; sourceTree = "<group>"; };
		F4FF36E4254BEF3900C11FB5 /* IMFriendManager.swift */ = {isa = PBXFileReference; lastKnownFileType = sourcecode.swift; path = IMFriendManager.swift; sourceTree = "<group>"; };
		F4FF36E6254BF04A00C11FB5 /* CIM.Friend.pb.swift */ = {isa = PBXFileReference; fileEncoding = 4; lastKnownFileType = sourcecode.swift; path = CIM.Friend.pb.swift; sourceTree = "<group>"; };
		F4FF36E8254BF8DC00C11FB5 /* IMFriendViewCell.swift */ = {isa = PBXFileReference; lastKnownFileType = sourcecode.swift; path = IMFriendViewCell.swift; sourceTree = "<group>"; };
		F4FF36E9254BF8DC00C11FB5 /* IMFriendViewCell.xib */ = {isa = PBXFileReference; lastKnownFileType = file.xib; path = IMFriendViewCell.xib; sourceTree = "<group>"; };
		F4FF36F0254C14F100C11FB5 /* IMCreateGroupViewController.swift */ = {isa = PBXFileReference; lastKnownFileType = sourcecode.swift; path = IMCreateGroupViewController.swift; sourceTree = "<group>"; };
		F4FF36F1254C14F100C11FB5 /* IMCreateGroupViewController.xib */ = {isa = PBXFileReference; lastKnownFileType = file.xib; path = IMCreateGroupViewController.xib; sourceTree = "<group>"; };
/* End PBXFileReference section */

/* Begin PBXFrameworksBuildPhase section */
		F4BC8F2F241F223100ED38C9 /* Frameworks */ = {
			isa = PBXFrameworksBuildPhase;
			buildActionMask = 2147483647;
			files = (
			);
			runOnlyForDeploymentPostprocessing = 0;
		};
		F4C05A09241391E000D1E293 /* Frameworks */ = {
			isa = PBXFrameworksBuildPhase;
			buildActionMask = 2147483647;
			files = (
				83F8394D8FFB11805B707BF9 /* Pods_Coffchat.framework in Frameworks */,
			);
			runOnlyForDeploymentPostprocessing = 0;
		};
/* End PBXFrameworksBuildPhase section */

/* Begin PBXGroup section */
		4AA653CBFCD74DFA67E7A1CF /* Pods */ = {
			isa = PBXGroup;
			children = (
				517E1AEFED0665A541BCC68A /* Pods-Coffchat.debug.xcconfig */,
				56976D8822AA23DCF5C3C006 /* Pods-Coffchat.release.xcconfig */,
			);
			path = Pods;
			sourceTree = "<group>";
		};
		AD310A97F22A2885424F8CEB /* Frameworks */ = {
			isa = PBXGroup;
			children = (
				CC8CC6041060206B84D1C908 /* Pods_Coffchat.framework */,
			);
			name = Frameworks;
			sourceTree = "<group>";
		};
		F40A2CDC2419F06D0090C230 /* model */ = {
			isa = PBXGroup;
			children = (
				F40A2CDD2419F0820090C230 /* IMHeader.swift */,
				F43CA150241FA2E90065373F /* IMRequest.swift */,
				F48654172426721400D39970 /* IMRecentSession.swift */,
				F4DAF914242B70DF00963220 /* IMSession.swift */,
				F4DAF916242B715100963220 /* IMMessage.swift */,
				F44715EC25484A2900EB7811 /* IMGroup.swift */,
			);
			path = model;
			sourceTree = "<group>";
		};
		F417B0202419D3E800E1AAC0 /* pb */ = {
			isa = PBXGroup;
			children = (
				F4FF36E6254BF04A00C11FB5 /* CIM.Friend.pb.swift */,
				F44715F025484BE500EB7811 /* CIM.Group.pb.swift */,
				F417B0242419D4F000E1AAC0 /* CIM.Def.pb.swift */,
				F417B0222419D4F000E1AAC0 /* CIM.List.pb.swift */,
				F417B0212419D4F000E1AAC0 /* CIM.Login.pb.swift */,
				F417B0232419D4F000E1AAC0 /* CIM.Message.pb.swift */,
				F417B0252419D4F000E1AAC0 /* CIM.Voip.pb.swift */,
			);
			path = pb;
			sourceTree = "<group>";
		};
		F41CB8A224288176007570BF /* UI */ = {
			isa = PBXGroup;
			children = (
				F4C510A42429A93A000BCDEA /* Me */,
				F4C510A32429A8D0000BCDEA /* Social */,
				F4C510A22429A883000BCDEA /* Friend */,
				F4C510A12429A37F000BCDEA /* Chat */,
				F4C510A02429A352000BCDEA /* Login */,
				F41CB8A4242881DC007570BF /* IMTabViewController.swift */,
				F41CB8A5242881DC007570BF /* IMTabViewController.xib */,
				F41CB8A8242882FE007570BF /* Main.storyboard */,
				F41CB89E242866E4007570BF /* ViewController.swift */,
				F41CB89F242866E4007570BF /* ViewController.xib */,
			);
			path = UI;
			sourceTree = "<group>";
		};
		F42077722434B1E30091DD86 /* Cells */ = {
			isa = PBXGroup;
			children = (
				F4EBFAC3242F4CE600AF26B2 /* IMMessageTextCell.swift */,
				F4EBFAC4242F4CE600AF26B2 /* IMMessageTextCell.xib */,
				F4B1EA81246C075000EED1FB /* IMMessageTimeCell.swift */,
				F4B1EA82246C075000EED1FB /* IMMessageTimeCell.xib */,
				F4FD2EC0246D694500EE91B0 /* IMMessage+Extension.swift */,
				F4D29BF82471464F00CE4ABC /* UIPaddingLabel.swift */,
				F48E118A25515A1500A2A300 /* IMMessageNotificationCell.swift */,
				F48E118B25515A1500A2A300 /* IMMessageNotificationCell.xib */,
			);
			path = Cells;
			sourceTree = "<group>";
		};
		F42F79482427450D00A50A0A /* core */ = {
			isa = PBXGroup;
			children = (
				F4D3B7AC2417BED500524D9A /* IMClient.swift */,
				F42F794424273B7300A50A0A /* IMLog.swift */,
			);
			path = core;
			sourceTree = "<group>";
		};
		F43D96402446F8D1004802AA /* Setting */ = {
			isa = PBXGroup;
			children = (
				F43D96412446F903004802AA /* IMSettingViewController.swift */,
				F43D96422446F903004802AA /* IMSettingViewController.xib */,
				F43D96452446FFB3004802AA /* IMLoginoutTableViewCell.swift */,
				F43D96462446FFB3004802AA /* IMLoginoutTableViewCell.xib */,
			);
			path = Setting;
			sourceTree = "<group>";
		};
		F46124DD243855AF00298F24 /* UIHelper */ = {
			isa = PBXGroup;
			children = (
				F4EE58432467FF720075DCB9 /* Date+Extension.swift */,
				F46124DE243855D600298F24 /* UIScrollView+Chat.swift */,
				F46124E0243856A500298F24 /* UITableView+Chat.swift */,
				F48D2EE7254AC51A00377886 /* UIImage+Chat.swift */,
				F48D2EE9254AF72600377886 /* UINavigationItem+Extension.swift */,
				F49A5F40257CBC0400084043 /* UIButton+Extension.swift */,
				F49A5F42257CCC1800084043 /* BEButton.swift */,
			);
			path = UIHelper;
			sourceTree = "<group>";
		};
		F46566ED244C530400B0A35F /* Helper */ = {
			isa = PBXGroup;
			children = (
				F46566EE244C531A00B0A35F /* IMMsgParser.swift */,
			);
			path = Helper;
			sourceTree = "<group>";
		};
		F4BC8F33241F223100ED38C9 /* CoffchatTests */ = {
			isa = PBXGroup;
			children = (
				F4BC8F36241F223100ED38C9 /* Info.plist */,
				F4BC8F3C241F22A700ED38C9 /* IMHeaderTests.swift */,
				F4BC8F3E241F243200ED38C9 /* IMClientTests.swift */,
				F48654132426694400D39970 /* IMLoginManagerTests.swift */,
				F42F794B2427772F00A50A0A /* IMConversationManagerTests.swift */,
			);
			path = CoffchatTests;
			sourceTree = "<group>";
		};
		F4C05A03241391E000D1E293 = {
			isa = PBXGroup;
			children = (
				F4C05A0E241391E000D1E293 /* Coffchat */,
				F4BC8F33241F223100ED38C9 /* CoffchatTests */,
				F4C05A0D241391E000D1E293 /* Products */,
				4AA653CBFCD74DFA67E7A1CF /* Pods */,
				AD310A97F22A2885424F8CEB /* Frameworks */,
			);
			sourceTree = "<group>";
		};
		F4C05A0D241391E000D1E293 /* Products */ = {
			isa = PBXGroup;
			children = (
				F4C05A0C241391E000D1E293 /* Coffchat.app */,
				F4BC8F32241F223100ED38C9 /* CoffchatTests.xctest */,
			);
			name = Products;
			sourceTree = "<group>";
		};
		F4C05A0E241391E000D1E293 /* Coffchat */ = {
			isa = PBXGroup;
			children = (
				F4C05A0F241391E000D1E293 /* AppDelegate.swift */,
				F4C05A1B241391E100D1E293 /* Assets.xcassets */,
				F4D3B7AB2417BEAB00524D9A /* CIMSdk */,
				F4C05A20241391E100D1E293 /* Info.plist */,
				F4C510B52429B245000BCDEA /* Media.xcassets */,
				F4DAF918242B86F200963220 /* Models */,
				F4C05A11241391E000D1E293 /* SceneDelegate.swift */,
				F41CB8A224288176007570BF /* UI */,
				F46124DD243855AF00298F24 /* UIHelper */,
			);
			path = Coffchat;
			sourceTree = "<group>";
		};
		F4C510A02429A352000BCDEA /* Login */ = {
			isa = PBXGroup;
			children = (
				F41AE38924174224009B0E0C /* LoginViewController.swift */,
				F41AE38A24174224009B0E0C /* LoginViewController.xib */,
				F4D4245E25B048F0003921D1 /* RegisterViewController.swift */,
				F4D4245F25B048F0003921D1 /* RegisterViewController.xib */,
			);
			path = Login;
			sourceTree = "<group>";
		};
		F4C510A12429A37F000BCDEA /* Chat */ = {
			isa = PBXGroup;
			children = (
				F4FF36DB254BB70600C11FB5 /* Views */,
				F46566ED244C530400B0A35F /* Helper */,
				F4EBFAB9242F382200AF26B2 /* Message */,
				F42C73EB242B295200B4F6CC /* IMChatViewCell.swift */,
				F42C73EC242B295200B4F6CC /* IMChatViewCell.xib */,
				F42C73F0242B343100B4F6CC /* IMChatViewController.swift */,
				F42C73F1242B343100B4F6CC /* IMChatViewController.xib */,
				F4207770243459F20091DD86 /* IMUIResource.swift */,
			);
			path = Chat;
			sourceTree = "<group>";
		};
		F4C510A22429A883000BCDEA /* Friend */ = {
			isa = PBXGroup;
			children = (
				F4C510A92429AA11000BCDEA /* IMFriendViewController.swift */,
				F4C510AA2429AA11000BCDEA /* IMFriendViewController.xib */,
				F4FF36E8254BF8DC00C11FB5 /* IMFriendViewCell.swift */,
				F4FF36E9254BF8DC00C11FB5 /* IMFriendViewCell.xib */,
			);
			path = Friend;
			sourceTree = "<group>";
		};
		F4C510A32429A8D0000BCDEA /* Social */ = {
			isa = PBXGroup;
			children = (
				F4C510AD2429AA20000BCDEA /* IMSocialViewController.swift */,
				F4C510AE2429AA20000BCDEA /* IMSocialViewController.xib */,
			);
			path = Social;
			sourceTree = "<group>";
		};
		F4C510A42429A93A000BCDEA /* Me */ = {
			isa = PBXGroup;
			children = (
				F43D96402446F8D1004802AA /* Setting */,
				F4C510B12429AA2E000BCDEA /* IMMeViewController.swift */,
				F4C510B22429AA2E000BCDEA /* IMMeViewController.xib */,
				F47BACD72445C3F800FD63D1 /* ImageTextTableViewCell.swift */,
				F47BACD82445C3F800FD63D1 /* ImageTextTableViewCell.xib */,
			);
			path = Me;
			sourceTree = "<group>";
		};
		F4D3B7AB2417BEAB00524D9A /* CIMSdk */ = {
			isa = PBXGroup;
			children = (
				F42F79482427450D00A50A0A /* core */,
				F40A2CDC2419F06D0090C230 /* model */,
				F417B0202419D3E800E1AAC0 /* pb */,
				F4840BE52424C2930005EF04 /* IMManager.swift */,
				F486541524266E8600D39970 /* IMConversationManager.swift */,
				F42F79492427453800A50A0A /* IMLoginManager.swift */,
				F43C7A9D2438C5FA006C3796 /* IMChatManager.swift */,
				F44715EE25484A7500EB7811 /* IMGroupManager.swift */,
				F4FF36E4254BEF3900C11FB5 /* IMFriendManager.swift */,
				F495DA6525B1383700C0A630 /* IMUserManager.swift */,
			);
			path = CIMSdk;
			sourceTree = "<group>";
		};
		F4DAF918242B86F200963220 /* Models */ = {
			isa = PBXGroup;
			children = (
				F4DAF919242B872300963220 /* SessionModel.swift */,
			);
			path = Models;
			sourceTree = "<group>";
		};
		F4EBFAB9242F382200AF26B2 /* Message */ = {
			isa = PBXGroup;
			children = (
				F42077722434B1E30091DD86 /* Cells */,
				F4EBFABE242F41C400AF26B2 /* Views */,
				F4EBFABA242F396900AF26B2 /* IMChatContentViewController.swift */,
				F4EBFABB242F396900AF26B2 /* IMChatContentViewController.xib */,
				F46124DB24383A6700298F24 /* IMChatContentViewController+Keyboard.swift */,
			);
			path = Message;
			sourceTree = "<group>";
		};
		F4EBFABE242F41C400AF26B2 /* Views */ = {
			isa = PBXGroup;
			children = (
				F43C90EA2435D548008BF9FC /* IMChatSendMsgBar.swift */,
				F43C90EE2435DAD2008BF9FC /* IMChatSendMsgBar.xib */,
			);
			path = Views;
			sourceTree = "<group>";
		};
		F4FF36DB254BB70600C11FB5 /* Views */ = {
			isa = PBXGroup;
			children = (
				F48D2EE5254AC44C00377886 /* IMActionFloatView.swift */,
				F4FF36DE254BC29B00C11FB5 /* IMPeopleViewCell.swift */,
				F4FF36DF254BC29B00C11FB5 /* IMPeopleViewCell.xib */,
				F4FF36F0254C14F100C11FB5 /* IMCreateGroupViewController.swift */,
				F4FF36F1254C14F100C11FB5 /* IMCreateGroupViewController.xib */,
				F42E35ED2557B20C00C1A852 /* IMConversationSettingsViewController.swift */,
				F42E35EE2557B20C00C1A852 /* IMConversationSettingsViewController.xib */,
				F42E35F12557C65E00C1A852 /* IMConversationMemberViewCell.swift */,
				F42E35F22557C65E00C1A852 /* IMConversationMemberViewCell.xib */,
			);
			path = Views;
			sourceTree = "<group>";
		};
/* End PBXGroup section */

/* Begin PBXNativeTarget section */
		F4BC8F31241F223100ED38C9 /* CoffchatTests */ = {
			isa = PBXNativeTarget;
			buildConfigurationList = F4BC8F39241F223100ED38C9 /* Build configuration list for PBXNativeTarget "CoffchatTests" */;
			buildPhases = (
				F4BC8F2E241F223100ED38C9 /* Sources */,
				F4BC8F2F241F223100ED38C9 /* Frameworks */,
				F4BC8F30241F223100ED38C9 /* Resources */,
			);
			buildRules = (
			);
			dependencies = (
				F4BC8F38241F223100ED38C9 /* PBXTargetDependency */,
			);
			name = CoffchatTests;
			productName = CoffchatTests;
			productReference = F4BC8F32241F223100ED38C9 /* CoffchatTests.xctest */;
			productType = "com.apple.product-type.bundle.unit-test";
		};
		F4C05A0B241391E000D1E293 /* Coffchat */ = {
			isa = PBXNativeTarget;
			buildConfigurationList = F4C05A23241391E100D1E293 /* Build configuration list for PBXNativeTarget "Coffchat" */;
			buildPhases = (
				6AE9C08590690233884590FE /* [CP] Check Pods Manifest.lock */,
				F4C05A08241391E000D1E293 /* Sources */,
				F4C05A09241391E000D1E293 /* Frameworks */,
				F4C05A0A241391E000D1E293 /* Resources */,
				79E98DDD68F49FD6D76AFA1C /* [CP] Embed Pods Frameworks */,
			);
			buildRules = (
			);
			dependencies = (
			);
			name = Coffchat;
			productName = Coffchat;
			productReference = F4C05A0C241391E000D1E293 /* Coffchat.app */;
			productType = "com.apple.product-type.application";
		};
/* End PBXNativeTarget section */

/* Begin PBXProject section */
		F4C05A04241391E000D1E293 /* Project object */ = {
			isa = PBXProject;
			attributes = {
				LastSwiftUpdateCheck = 1130;
				LastUpgradeCheck = 1130;
				ORGANIZATIONNAME = "Coffeechat Inc.";
				TargetAttributes = {
					F4BC8F31241F223100ED38C9 = {
						CreatedOnToolsVersion = 11.3.1;
						TestTargetID = F4C05A0B241391E000D1E293;
					};
					F4C05A0B241391E000D1E293 = {
						CreatedOnToolsVersion = 11.3.1;
					};
				};
			};
			buildConfigurationList = F4C05A07241391E000D1E293 /* Build configuration list for PBXProject "Coffchat" */;
			compatibilityVersion = "Xcode 9.3";
			developmentRegion = en;
			hasScannedForEncodings = 0;
			knownRegions = (
				en,
				Base,
			);
			mainGroup = F4C05A03241391E000D1E293;
			productRefGroup = F4C05A0D241391E000D1E293 /* Products */;
			projectDirPath = "";
			projectRoot = "";
			targets = (
				F4C05A0B241391E000D1E293 /* Coffchat */,
				F4BC8F31241F223100ED38C9 /* CoffchatTests */,
			);
		};
/* End PBXProject section */

/* Begin PBXResourcesBuildPhase section */
		F4BC8F30241F223100ED38C9 /* Resources */ = {
			isa = PBXResourcesBuildPhase;
			buildActionMask = 2147483647;
			files = (
			);
			runOnlyForDeploymentPostprocessing = 0;
		};
		F4C05A0A241391E000D1E293 /* Resources */ = {
			isa = PBXResourcesBuildPhase;
			buildActionMask = 2147483647;
			files = (
				F4C510B62429B245000BCDEA /* Media.xcassets in Resources */,
				F4D4246125B048F0003921D1 /* RegisterViewController.xib in Resources */,
				F4FF36E1254BC29B00C11FB5 /* IMPeopleViewCell.xib in Resources */,
				F42E35F42557C65E00C1A852 /* IMConversationMemberViewCell.xib in Resources */,
				F43C90EF2435DAD2008BF9FC /* IMChatSendMsgBar.xib in Resources */,
				F41AE38C24174224009B0E0C /* LoginViewController.xib in Resources */,
				F42C73F3242B343100B4F6CC /* IMChatViewController.xib in Resources */,
				F47BACDA2445C3F800FD63D1 /* ImageTextTableViewCell.xib in Resources */,
				F4FF36EB254BF8DC00C11FB5 /* IMFriendViewCell.xib in Resources */,
				F41CB8AA242882FE007570BF /* Main.storyboard in Resources */,
				F42E35F02557B20C00C1A852 /* IMConversationSettingsViewController.xib in Resources */,
				F4FF36F3254C14F100C11FB5 /* IMCreateGroupViewController.xib in Resources */,
				F4EBFABD242F396900AF26B2 /* IMChatContentViewController.xib in Resources */,
				F4EBFAC6242F4CE600AF26B2 /* IMMessageTextCell.xib in Resources */,
				F4C510B02429AA20000BCDEA /* IMSocialViewController.xib in Resources */,
				F4C510AC2429AA11000BCDEA /* IMFriendViewController.xib in Resources */,
				F42C73EE242B295200B4F6CC /* IMChatViewCell.xib in Resources */,
				F41CB8A7242881DC007570BF /* IMTabViewController.xib in Resources */,
				F4B1EA84246C075000EED1FB /* IMMessageTimeCell.xib in Resources */,
				F48E118D25515A1500A2A300 /* IMMessageNotificationCell.xib in Resources */,
				F4C05A1C241391E100D1E293 /* Assets.xcassets in Resources */,
				F4C510B42429AA2E000BCDEA /* IMMeViewController.xib in Resources */,
				F41CB8A1242866E4007570BF /* ViewController.xib in Resources */,
				F43D96442446F903004802AA /* IMSettingViewController.xib in Resources */,
				F43D96482446FFB3004802AA /* IMLoginoutTableViewCell.xib in Resources */,
			);
			runOnlyForDeploymentPostprocessing = 0;
		};
/* End PBXResourcesBuildPhase section */

/* Begin PBXShellScriptBuildPhase section */
		6AE9C08590690233884590FE /* [CP] Check Pods Manifest.lock */ = {
			isa = PBXShellScriptBuildPhase;
			buildActionMask = 2147483647;
			files = (
			);
			inputFileListPaths = (
			);
			inputPaths = (
				"${PODS_PODFILE_DIR_PATH}/Podfile.lock",
				"${PODS_ROOT}/Manifest.lock",
			);
			name = "[CP] Check Pods Manifest.lock";
			outputFileListPaths = (
			);
			outputPaths = (
				"$(DERIVED_FILE_DIR)/Pods-Coffchat-checkManifestLockResult.txt",
			);
			runOnlyForDeploymentPostprocessing = 0;
			shellPath = /bin/sh;
			shellScript = "diff \"${PODS_PODFILE_DIR_PATH}/Podfile.lock\" \"${PODS_ROOT}/Manifest.lock\" > /dev/null\nif [ $? != 0 ] ; then\n    # print error to STDERR\n    echo \"error: The sandbox is not in sync with the Podfile.lock. Run 'pod install' or update your CocoaPods installation.\" >&2\n    exit 1\nfi\n# This output is used by Xcode 'outputs' to avoid re-running this script phase.\necho \"SUCCESS\" > \"${SCRIPT_OUTPUT_FILE_0}\"\n";
			showEnvVarsInLog = 0;
		};
		79E98DDD68F49FD6D76AFA1C /* [CP] Embed Pods Frameworks */ = {
			isa = PBXShellScriptBuildPhase;
			buildActionMask = 2147483647;
			files = (
			);
			inputFileListPaths = (
				"${PODS_ROOT}/Target Support Files/Pods-Coffchat/Pods-Coffchat-frameworks-${CONFIGURATION}-input-files.xcfilelist",
			);
			name = "[CP] Embed Pods Frameworks";
			outputFileListPaths = (
				"${PODS_ROOT}/Target Support Files/Pods-Coffchat/Pods-Coffchat-frameworks-${CONFIGURATION}-output-files.xcfilelist",
			);
			runOnlyForDeploymentPostprocessing = 0;
			shellPath = /bin/sh;
			shellScript = "\"${PODS_ROOT}/Target Support Files/Pods-Coffchat/Pods-Coffchat-frameworks.sh\"\n";
			showEnvVarsInLog = 0;
		};
/* End PBXShellScriptBuildPhase section */

/* Begin PBXSourcesBuildPhase section */
		F4BC8F2E241F223100ED38C9 /* Sources */ = {
			isa = PBXSourcesBuildPhase;
			buildActionMask = 2147483647;
			files = (
				F42F794C2427772F00A50A0A /* IMConversationManagerTests.swift in Sources */,
				F48654142426694400D39970 /* IMLoginManagerTests.swift in Sources */,
				F4BC8F3F241F243200ED38C9 /* IMClientTests.swift in Sources */,
				F4BC8F3D241F22A700ED38C9 /* IMHeaderTests.swift in Sources */,
			);
			runOnlyForDeploymentPostprocessing = 0;
		};
		F4C05A08241391E000D1E293 /* Sources */ = {
			isa = PBXSourcesBuildPhase;
			buildActionMask = 2147483647;
			files = (
				F4FD2EC1246D694500EE91B0 /* IMMessage+Extension.swift in Sources */,
				F41CB8A6242881DC007570BF /* IMTabViewController.swift in Sources */,
				F4D3B7AD2417BED500524D9A /* IMClient.swift in Sources */,
				F43D96472446FFB3004802AA /* IMLoginoutTableViewCell.swift in Sources */,
				F417B0292419D4F000E1AAC0 /* CIM.Def.pb.swift in Sources */,
				F4EE58442467FF720075DCB9 /* Date+Extension.swift in Sources */,
				F46566EF244C531A00B0A35F /* IMMsgParser.swift in Sources */,
				F42C73F2242B343100B4F6CC /* IMChatViewController.swift in Sources */,
				F44715F125484BE500EB7811 /* CIM.Group.pb.swift in Sources */,
				F46124E1243856A500298F24 /* UITableView+Chat.swift in Sources */,
				F48D2EE8254AC51A00377886 /* UIImage+Chat.swift in Sources */,
				F417B02A2419D4F000E1AAC0 /* CIM.Voip.pb.swift in Sources */,
				F42E35EF2557B20C00C1A852 /* IMConversationSettingsViewController.swift in Sources */,
				F42E35F32557C65E00C1A852 /* IMConversationMemberViewCell.swift in Sources */,
				F46124DF243855D600298F24 /* UIScrollView+Chat.swift in Sources */,
				F4840BE62424C2930005EF04 /* IMManager.swift in Sources */,
				F47BACD92445C3F800FD63D1 /* ImageTextTableViewCell.swift in Sources */,
				F4DAF917242B715100963220 /* IMMessage.swift in Sources */,
				F4C510B32429AA2E000BCDEA /* IMMeViewController.swift in Sources */,
				F4FF36E5254BEF3900C11FB5 /* IMFriendManager.swift in Sources */,
				F43D96432446F903004802AA /* IMSettingViewController.swift in Sources */,
				F417B0262419D4F000E1AAC0 /* CIM.Login.pb.swift in Sources */,
				F43CA151241FA2E90065373F /* IMRequest.swift in Sources */,
				F49A5F41257CBC0400084043 /* UIButton+Extension.swift in Sources */,
				F4C510AF2429AA20000BCDEA /* IMSocialViewController.swift in Sources */,
				F43C7A9E2438C5FA006C3796 /* IMChatManager.swift in Sources */,
				F49A5F43257CCC1800084043 /* BEButton.swift in Sources */,
				F46124DC24383A6700298F24 /* IMChatContentViewController+Keyboard.swift in Sources */,
				F4B1EA83246C075000EED1FB /* IMMessageTimeCell.swift in Sources */,
				F43C90EB2435D548008BF9FC /* IMChatSendMsgBar.swift in Sources */,
				F4C05A10241391E000D1E293 /* AppDelegate.swift in Sources */,
				F4C05A12241391E000D1E293 /* SceneDelegate.swift in Sources */,
				F41AE38B24174224009B0E0C /* LoginViewController.swift in Sources */,
				F4FF36F2254C14F100C11FB5 /* IMCreateGroupViewController.swift in Sources */,
				F40A2CDE2419F0820090C230 /* IMHeader.swift in Sources */,
				F48654182426721400D39970 /* IMRecentSession.swift in Sources */,
				F41CB8A0242866E4007570BF /* ViewController.swift in Sources */,
				F4D4246025B048F0003921D1 /* RegisterViewController.swift in Sources */,
				F495DA6625B1383700C0A630 /* IMUserManager.swift in Sources */,
				F42C73ED242B295200B4F6CC /* IMChatViewCell.swift in Sources */,
				F48D2EEA254AF72600377886 /* UINavigationItem+Extension.swift in Sources */,
				F486541624266E8600D39970 /* IMConversationManager.swift in Sources */,
				F44715ED25484A2900EB7811 /* IMGroup.swift in Sources */,
				F417B0272419D4F000E1AAC0 /* CIM.List.pb.swift in Sources */,
				F42F794524273B7300A50A0A /* IMLog.swift in Sources */,
				F48D2EE6254AC44C00377886 /* IMActionFloatView.swift in Sources */,
				F4DAF915242B70DF00963220 /* IMSession.swift in Sources */,
				F4DAF91A242B872300963220 /* SessionModel.swift in Sources */,
				F4FF36E7254BF04A00C11FB5 /* CIM.Friend.pb.swift in Sources */,
				F4C510AB2429AA11000BCDEA /* IMFriendViewController.swift in Sources */,
				F44715EF25484A7500EB7811 /* IMGroupManager.swift in Sources */,
				F4D29BF92471464F00CE4ABC /* UIPaddingLabel.swift in Sources */,
				F4EBFABC242F396900AF26B2 /* IMChatContentViewController.swift in Sources */,
				F417B0282419D4F000E1AAC0 /* CIM.Message.pb.swift in Sources */,
				F4EBFAC5242F4CE600AF26B2 /* IMMessageTextCell.swift in Sources */,
				F42F794A2427453800A50A0A /* IMLoginManager.swift in Sources */,
				F4207771243459F20091DD86 /* IMUIResource.swift in Sources */,
				F4FF36EA254BF8DC00C11FB5 /* IMFriendViewCell.swift in Sources */,
				F48E118C25515A1500A2A300 /* IMMessageNotificationCell.swift in Sources */,
				F4FF36E0254BC29B00C11FB5 /* IMPeopleViewCell.swift in Sources */,
			);
			runOnlyForDeploymentPostprocessing = 0;
		};
/* End PBXSourcesBuildPhase section */

/* Begin PBXTargetDependency section */
		F4BC8F38241F223100ED38C9 /* PBXTargetDependency */ = {
			isa = PBXTargetDependency;
			target = F4C05A0B241391E000D1E293 /* Coffchat */;
			targetProxy = F4BC8F37241F223100ED38C9 /* PBXContainerItemProxy */;
		};
/* End PBXTargetDependency section */

/* Begin PBXVariantGroup section */
		F41CB8A8242882FE007570BF /* Main.storyboard */ = {
			isa = PBXVariantGroup;
			children = (
				F41CB8A9242882FE007570BF /* Base */,
			);
			name = Main.storyboard;
			sourceTree = "<group>";
		};
/* End PBXVariantGroup section */

/* Begin XCBuildConfiguration section */
		F4BC8F3A241F223100ED38C9 /* Debug */ = {
			isa = XCBuildConfiguration;
			buildSettings = {
				BUNDLE_LOADER = "$(TEST_HOST)";
				CODE_SIGN_STYLE = Automatic;
				INFOPLIST_FILE = CoffchatTests/Info.plist;
				LD_RUNPATH_SEARCH_PATHS = (
					"$(inherited)",
					"@executable_path/Frameworks",
					"@loader_path/Frameworks",
				);
				PRODUCT_BUNDLE_IDENTIFIER = com.xmcy0011.CoffchatTests;
				PRODUCT_NAME = "$(TARGET_NAME)";
				SWIFT_VERSION = 5.0;
				TARGETED_DEVICE_FAMILY = "1,2";
				TEST_HOST = "$(BUILT_PRODUCTS_DIR)/Coffchat.app/Coffchat";
			};
			name = Debug;
		};
		F4BC8F3B241F223100ED38C9 /* Release */ = {
			isa = XCBuildConfiguration;
			buildSettings = {
				BUNDLE_LOADER = "$(TEST_HOST)";
				CODE_SIGN_STYLE = Automatic;
				INFOPLIST_FILE = CoffchatTests/Info.plist;
				LD_RUNPATH_SEARCH_PATHS = (
					"$(inherited)",
					"@executable_path/Frameworks",
					"@loader_path/Frameworks",
				);
				PRODUCT_BUNDLE_IDENTIFIER = com.xmcy0011.CoffchatTests;
				PRODUCT_NAME = "$(TARGET_NAME)";
				SWIFT_VERSION = 5.0;
				TARGETED_DEVICE_FAMILY = "1,2";
				TEST_HOST = "$(BUILT_PRODUCTS_DIR)/Coffchat.app/Coffchat";
			};
			name = Release;
		};
		F4C05A21241391E100D1E293 /* Debug */ = {
			isa = XCBuildConfiguration;
			buildSettings = {
				ALWAYS_SEARCH_USER_PATHS = NO;
				CLANG_ANALYZER_NONNULL = YES;
				CLANG_ANALYZER_NUMBER_OBJECT_CONVERSION = YES_AGGRESSIVE;
				CLANG_CXX_LANGUAGE_STANDARD = "gnu++14";
				CLANG_CXX_LIBRARY = "libc++";
				CLANG_ENABLE_MODULES = YES;
				CLANG_ENABLE_OBJC_ARC = YES;
				CLANG_ENABLE_OBJC_WEAK = YES;
				CLANG_WARN_BLOCK_CAPTURE_AUTORELEASING = YES;
				CLANG_WARN_BOOL_CONVERSION = YES;
				CLANG_WARN_COMMA = YES;
				CLANG_WARN_CONSTANT_CONVERSION = YES;
				CLANG_WARN_DEPRECATED_OBJC_IMPLEMENTATIONS = YES;
				CLANG_WARN_DIRECT_OBJC_ISA_USAGE = YES_ERROR;
				CLANG_WARN_DOCUMENTATION_COMMENTS = YES;
				CLANG_WARN_EMPTY_BODY = YES;
				CLANG_WARN_ENUM_CONVERSION = YES;
				CLANG_WARN_INFINITE_RECURSION = YES;
				CLANG_WARN_INT_CONVERSION = YES;
				CLANG_WARN_NON_LITERAL_NULL_CONVERSION = YES;
				CLANG_WARN_OBJC_IMPLICIT_RETAIN_SELF = YES;
				CLANG_WARN_OBJC_LITERAL_CONVERSION = YES;
				CLANG_WARN_OBJC_ROOT_CLASS = YES_ERROR;
				CLANG_WARN_RANGE_LOOP_ANALYSIS = YES;
				CLANG_WARN_STRICT_PROTOTYPES = YES;
				CLANG_WARN_SUSPICIOUS_MOVE = YES;
				CLANG_WARN_UNGUARDED_AVAILABILITY = YES_AGGRESSIVE;
				CLANG_WARN_UNREACHABLE_CODE = YES;
				CLANG_WARN__DUPLICATE_METHOD_MATCH = YES;
				COPY_PHASE_STRIP = NO;
				DEBUG_INFORMATION_FORMAT = dwarf;
				ENABLE_STRICT_OBJC_MSGSEND = YES;
				ENABLE_TESTABILITY = YES;
				GCC_C_LANGUAGE_STANDARD = gnu11;
				GCC_DYNAMIC_NO_PIC = NO;
				GCC_NO_COMMON_BLOCKS = YES;
				GCC_OPTIMIZATION_LEVEL = 0;
				GCC_PREPROCESSOR_DEFINITIONS = (
					"DEBUG=1",
					"$(inherited)",
				);
				GCC_WARN_64_TO_32_BIT_CONVERSION = YES;
				GCC_WARN_ABOUT_RETURN_TYPE = YES_ERROR;
				GCC_WARN_UNDECLARED_SELECTOR = YES;
				GCC_WARN_UNINITIALIZED_AUTOS = YES_AGGRESSIVE;
				GCC_WARN_UNUSED_FUNCTION = YES;
				GCC_WARN_UNUSED_VARIABLE = YES;
				IPHONEOS_DEPLOYMENT_TARGET = 13.0;
				MTL_ENABLE_DEBUG_INFO = INCLUDE_SOURCE;
				MTL_FAST_MATH = YES;
				ONLY_ACTIVE_ARCH = YES;
				SDKROOT = iphoneos;
				SWIFT_ACTIVE_COMPILATION_CONDITIONS = DEBUG;
				SWIFT_OPTIMIZATION_LEVEL = "-Onone";
			};
			name = Debug;
		};
		F4C05A22241391E100D1E293 /* Release */ = {
			isa = XCBuildConfiguration;
			buildSettings = {
				ALWAYS_SEARCH_USER_PATHS = NO;
				CLANG_ANALYZER_NONNULL = YES;
				CLANG_ANALYZER_NUMBER_OBJECT_CONVERSION = YES_AGGRESSIVE;
				CLANG_CXX_LANGUAGE_STANDARD = "gnu++14";
				CLANG_CXX_LIBRARY = "libc++";
				CLANG_ENABLE_MODULES = YES;
				CLANG_ENABLE_OBJC_ARC = YES;
				CLANG_ENABLE_OBJC_WEAK = YES;
				CLANG_WARN_BLOCK_CAPTURE_AUTORELEASING = YES;
				CLANG_WARN_BOOL_CONVERSION = YES;
				CLANG_WARN_COMMA = YES;
				CLANG_WARN_CONSTANT_CONVERSION = YES;
				CLANG_WARN_DEPRECATED_OBJC_IMPLEMENTATIONS = YES;
				CLANG_WARN_DIRECT_OBJC_ISA_USAGE = YES_ERROR;
				CLANG_WARN_DOCUMENTATION_COMMENTS = YES;
				CLANG_WARN_EMPTY_BODY = YES;
				CLANG_WARN_ENUM_CONVERSION = YES;
				CLANG_WARN_INFINITE_RECURSION = YES;
				CLANG_WARN_INT_CONVERSION = YES;
				CLANG_WARN_NON_LITERAL_NULL_CONVERSION = YES;
				CLANG_WARN_OBJC_IMPLICIT_RETAIN_SELF = YES;
				CLANG_WARN_OBJC_LITERAL_CONVERSION = YES;
				CLANG_WARN_OBJC_ROOT_CLASS = YES_ERROR;
				CLANG_WARN_RANGE_LOOP_ANALYSIS = YES;
				CLANG_WARN_STRICT_PROTOTYPES = YES;
				CLANG_WARN_SUSPICIOUS_MOVE = YES;
				CLANG_WARN_UNGUARDED_AVAILABILITY = YES_AGGRESSIVE;
				CLANG_WARN_UNREACHABLE_CODE = YES;
				CLANG_WARN__DUPLICATE_METHOD_MATCH = YES;
				COPY_PHASE_STRIP = NO;
				DEBUG_INFORMATION_FORMAT = "dwarf-with-dsym";
				ENABLE_NS_ASSERTIONS = NO;
				ENABLE_STRICT_OBJC_MSGSEND = YES;
				GCC_C_LANGUAGE_STANDARD = gnu11;
				GCC_NO_COMMON_BLOCKS = YES;
				GCC_WARN_64_TO_32_BIT_CONVERSION = YES;
				GCC_WARN_ABOUT_RETURN_TYPE = YES_ERROR;
				GCC_WARN_UNDECLARED_SELECTOR = YES;
				GCC_WARN_UNINITIALIZED_AUTOS = YES_AGGRESSIVE;
				GCC_WARN_UNUSED_FUNCTION = YES;
				GCC_WARN_UNUSED_VARIABLE = YES;
				IPHONEOS_DEPLOYMENT_TARGET = 13.0;
				MTL_ENABLE_DEBUG_INFO = NO;
				MTL_FAST_MATH = YES;
				SDKROOT = iphoneos;
				SWIFT_COMPILATION_MODE = wholemodule;
				SWIFT_OPTIMIZATION_LEVEL = "-O";
				VALIDATE_PRODUCT = YES;
			};
			name = Release;
		};
		F4C05A24241391E100D1E293 /* Debug */ = {
			isa = XCBuildConfiguration;
			baseConfigurationReference = 517E1AEFED0665A541BCC68A /* Pods-Coffchat.debug.xcconfig */;
			buildSettings = {
				ASSETCATALOG_COMPILER_APPICON_NAME = AppIcon;
				CODE_SIGN_STYLE = Automatic;
				DEVELOPMENT_TEAM = 285F2N2PHH;
				INFOPLIST_FILE = Coffchat/Info.plist;
				LD_RUNPATH_SEARCH_PATHS = (
					"$(inherited)",
					"@executable_path/Frameworks",
				);
				PRODUCT_BUNDLE_IDENTIFIER = com.xmcy0011.Coffchat;
				PRODUCT_NAME = "$(TARGET_NAME)";
				SWIFT_VERSION = 5.0;
				TARGETED_DEVICE_FAMILY = "1,2";
			};
			name = Debug;
		};
		F4C05A25241391E100D1E293 /* Release */ = {
			isa = XCBuildConfiguration;
			baseConfigurationReference = 56976D8822AA23DCF5C3C006 /* Pods-Coffchat.release.xcconfig */;
			buildSettings = {
				ASSETCATALOG_COMPILER_APPICON_NAME = AppIcon;
				CODE_SIGN_STYLE = Automatic;
				DEVELOPMENT_TEAM = 285F2N2PHH;
				INFOPLIST_FILE = Coffchat/Info.plist;
				LD_RUNPATH_SEARCH_PATHS = (
					"$(inherited)",
					"@executable_path/Frameworks",
				);
				PRODUCT_BUNDLE_IDENTIFIER = com.xmcy0011.Coffchat;
				PRODUCT_NAME = "$(TARGET_NAME)";
				SWIFT_VERSION = 5.0;
				TARGETED_DEVICE_FAMILY = "1,2";
			};
			name = Release;
		};
/* End XCBuildConfiguration section */

/* Begin XCConfigurationList section */
		F4BC8F39241F223100ED38C9 /* Build configuration list for PBXNativeTarget "CoffchatTests" */ = {
			isa = XCConfigurationList;
			buildConfigurations = (
				F4BC8F3A241F223100ED38C9 /* Debug */,
				F4BC8F3B241F223100ED38C9 /* Release */,
			);
			defaultConfigurationIsVisible = 0;
			defaultConfigurationName = Release;
		};
		F4C05A07241391E000D1E293 /* Build configuration list for PBXProject "Coffchat" */ = {
			isa = XCConfigurationList;
			buildConfigurations = (
				F4C05A21241391E100D1E293 /* Debug */,
				F4C05A22241391E100D1E293 /* Release */,
			);
			defaultConfigurationIsVisible = 0;
			defaultConfigurationName = Release;
		};
		F4C05A23241391E100D1E293 /* Build configuration list for PBXNativeTarget "Coffchat" */ = {
			isa = XCConfigurationList;
			buildConfigurations = (
				F4C05A24241391E100D1E293 /* Debug */,
				F4C05A25241391E100D1E293 /* Release */,
			);
			defaultConfigurationIsVisible = 0;
			defaultConfigurationName = Release;
		};
/* End XCConfigurationList section */
	};
	rootObject = F4C05A04241391E000D1E293 /* Project object */;
}
